// !$*UTF8*$!
{
	archiveVersion = 1;
	classes = {
	};
	objectVersion = 50;
	objects = {

/* Begin PBXBuildFile section */
		17D22A5025A31055004FDB35 /* AppDelegate.swift in Sources */ = {isa = PBXBuildFile; fileRef = 17D22A4F25A31055004FDB35 /* AppDelegate.swift */; };
		17D22A5225A31055004FDB35 /* ContentView.swift in Sources */ = {isa = PBXBuildFile; fileRef = 17D22A5125A31055004FDB35 /* ContentView.swift */; };
		17D22A5425A31056004FDB35 /* Assets.xcassets in Resources */ = {isa = PBXBuildFile; fileRef = 17D22A5325A31056004FDB35 /* Assets.xcassets */; };
		17D22A5725A31056004FDB35 /* Preview Assets.xcassets in Resources */ = {isa = PBXBuildFile; fileRef = 17D22A5625A31056004FDB35 /* Preview Assets.xcassets */; };
		17D22A5A25A31056004FDB35 /* Main.storyboard in Resources */ = {isa = PBXBuildFile; fileRef = 17D22A5825A31056004FDB35 /* Main.storyboard */; };
		17D22A6525A31085004FDB35 /* Permissions.swift in Sources */ = {isa = PBXBuildFile; fileRef = 17D22A6425A31085004FDB35 /* Permissions.swift */; };
		17D22A6825A310AC004FDB35 /* ScreenAccess.swift in Sources */ = {isa = PBXBuildFile; fileRef = 17D22A6725A310AC004FDB35 /* ScreenAccess.swift */; };
		83566CA425A4842100BD6AD8 /* Icon.swift in Sources */ = {isa = PBXBuildFile; fileRef = 83566CA325A4842100BD6AD8 /* Icon.swift */; };
		83566CA825A48AEB00BD6AD8 /* CheckmarkShape.swift in Sources */ = {isa = PBXBuildFile; fileRef = 83566CA725A48AEB00BD6AD8 /* CheckmarkShape.swift */; };
/* End PBXBuildFile section */

/* Begin PBXFileReference section */
		17D22A4C25A31055004FDB35 /* Permissions.app */ = {isa = PBXFileReference; explicitFileType = wrapper.application; includeInIndex = 0; path = Permissions.app; sourceTree = BUILT_PRODUCTS_DIR; };
		17D22A4F25A31055004FDB35 /* AppDelegate.swift */ = {isa = PBXFileReference; lastKnownFileType = sourcecode.swift; path = AppDelegate.swift; sourceTree = "<group>"; };
		17D22A5125A31055004FDB35 /* ContentView.swift */ = {isa = PBXFileReference; lastKnownFileType = sourcecode.swift; path = ContentView.swift; sourceTree = "<group>"; };
		17D22A5325A31056004FDB35 /* Assets.xcassets */ = {isa = PBXFileReference; lastKnownFileType = folder.assetcatalog; path = Assets.xcassets; sourceTree = "<group>"; };
		17D22A5625A31056004FDB35 /* Preview Assets.xcassets */ = {isa = PBXFileReference; lastKnownFileType = folder.assetcatalog; path = "Preview Assets.xcassets"; sourceTree = "<group>"; };
		17D22A5925A31056004FDB35 /* Base */ = {isa = PBXFileReference; lastKnownFileType = file.storyboard; name = Base; path = Base.lproj/Main.storyboard; sourceTree = "<group>"; };
		17D22A5B25A31056004FDB35 /* Info.plist */ = {isa = PBXFileReference; lastKnownFileType = text.plist.xml; path = Info.plist; sourceTree = "<group>"; };
		17D22A5C25A31056004FDB35 /* Permissions.entitlements */ = {isa = PBXFileReference; lastKnownFileType = text.plist.entitlements; path = Permissions.entitlements; sourceTree = "<group>"; };
		17D22A6425A31085004FDB35 /* Permissions.swift */ = {isa = PBXFileReference; fileEncoding = 4; lastKnownFileType = sourcecode.swift; path = Permissions.swift; sourceTree = "<group>"; };
		17D22A6725A310AC004FDB35 /* ScreenAccess.swift */ = {isa = PBXFileReference; fileEncoding = 4; lastKnownFileType = sourcecode.swift; path = ScreenAccess.swift; sourceTree = "<group>"; };
		83566CA325A4842100BD6AD8 /* Icon.swift */ = {isa = PBXFileReference; lastKnownFileType = sourcecode.swift; path = Icon.swift; sourceTree = "<group>"; };
		83566CA725A48AEB00BD6AD8 /* CheckmarkShape.swift */ = {isa = PBXFileReference; lastKnownFileType = sourcecode.swift; path = CheckmarkShape.swift; sourceTree = "<group>"; };
/* End PBXFileReference section */

/* Begin PBXFrameworksBuildPhase section */
		17D22A4925A31055004FDB35 /* Frameworks */ = {
			isa = PBXFrameworksBuildPhase;
			buildActionMask = 2147483647;
			files = (
			);
			runOnlyForDeploymentPostprocessing = 0;
		};
/* End PBXFrameworksBuildPhase section */

/* Begin PBXGroup section */
		17D22A4325A31055004FDB35 = {
			isa = PBXGroup;
			children = (
				17D22A4E25A31055004FDB35 /* Permissions */,
				17D22A4D25A31055004FDB35 /* Products */,
			);
			sourceTree = "<group>";
		};
		17D22A4D25A31055004FDB35 /* Products */ = {
			isa = PBXGroup;
			children = (
				17D22A4C25A31055004FDB35 /* Permissions.app */,
			);
			name = Products;
			sourceTree = "<group>";
		};
		17D22A4E25A31055004FDB35 /* Permissions */ = {
			isa = PBXGroup;
			children = (
				17D22A4F25A31055004FDB35 /* AppDelegate.swift */,
				17D22A5125A31055004FDB35 /* ContentView.swift */,
				83566CA325A4842100BD6AD8 /* Icon.swift */,
				17D22A6425A31085004FDB35 /* Permissions.swift */,
				17D22A6725A310AC004FDB35 /* ScreenAccess.swift */,
				17D22A5325A31056004FDB35 /* Assets.xcassets */,
				17D22A5825A31056004FDB35 /* Main.storyboard */,
				17D22A5B25A31056004FDB35 /* Info.plist */,
				17D22A5C25A31056004FDB35 /* Permissions.entitlements */,
				17D22A5525A31056004FDB35 /* Preview Content */,
				83566CA725A48AEB00BD6AD8 /* CheckmarkShape.swift */,
			);
			path = Permissions;
			sourceTree = "<group>";
		};
		17D22A5525A31056004FDB35 /* Preview Content */ = {
			isa = PBXGroup;
			children = (
				17D22A5625A31056004FDB35 /* Preview Assets.xcassets */,
			);
			path = "Preview Content";
			sourceTree = "<group>";
		};
/* End PBXGroup section */

/* Begin PBXNativeTarget section */
		17D22A4B25A31055004FDB35 /* Permissions */ = {
			isa = PBXNativeTarget;
			buildConfigurationList = 17D22A5F25A31056004FDB35 /* Build configuration list for PBXNativeTarget "Permissions" */;
			buildPhases = (
				17D22A4825A31055004FDB35 /* Sources */,
				17D22A4925A31055004FDB35 /* Frameworks */,
				17D22A4A25A31055004FDB35 /* Resources */,
			);
			buildRules = (
			);
			dependencies = (
			);
			name = Permissions;
			productName = Permissions;
			productReference = 17D22A4C25A31055004FDB35 /* Permissions.app */;
			productType = "com.apple.product-type.application";
		};
/* End PBXNativeTarget section */

/* Begin PBXProject section */
		17D22A4425A31055004FDB35 /* Project object */ = {
			isa = PBXProject;
			attributes = {
				LastSwiftUpdateCheck = 1230;
				LastUpgradeCheck = 1230;
				TargetAttributes = {
					17D22A4B25A31055004FDB35 = {
						CreatedOnToolsVersion = 12.3;
					};
				};
			};
			buildConfigurationList = 17D22A4725A31055004FDB35 /* Build configuration list for PBXProject "Permissions" */;
			compatibilityVersion = "Xcode 9.3";
			developmentRegion = en;
			hasScannedForEncodings = 0;
			knownRegions = (
				en,
				Base,
			);
			mainGroup = 17D22A4325A31055004FDB35;
			productRefGroup = 17D22A4D25A31055004FDB35 /* Products */;
			projectDirPath = "";
			projectRoot = "";
			targets = (
				17D22A4B25A31055004FDB35 /* Permissions */,
			);
		};
/* End PBXProject section */

/* Begin PBXResourcesBuildPhase section */
		17D22A4A25A31055004FDB35 /* Resources */ = {
			isa = PBXResourcesBuildPhase;
			buildActionMask = 2147483647;
			files = (
				17D22A5A25A31056004FDB35 /* Main.storyboard in Resources */,
				17D22A5725A31056004FDB35 /* Preview Assets.xcassets in Resources */,
				17D22A5425A31056004FDB35 /* Assets.xcassets in Resources */,
			);
			runOnlyForDeploymentPostprocessing = 0;
		};
/* End PBXResourcesBuildPhase section */

/* Begin PBXSourcesBuildPhase section */
		17D22A4825A31055004FDB35 /* Sources */ = {
			isa = PBXSourcesBuildPhase;
			buildActionMask = 2147483647;
			files = (
				17D22A5225A31055004FDB35 /* ContentView.swift in Sources */,
				17D22A6525A31085004FDB35 /* Permissions.swift in Sources */,
				17D22A5025A31055004FDB35 /* AppDelegate.swift in Sources */,
				83566CA825A48AEB00BD6AD8 /* CheckmarkShape.swift in Sources */,
				83566CA425A4842100BD6AD8 /* Icon.swift in Sources */,
				17D22A6825A310AC004FDB35 /* ScreenAccess.swift in Sources */,
			);
			runOnlyForDeploymentPostprocessing = 0;
		};
/* End PBXSourcesBuildPhase section */

/* Begin PBXVariantGroup section */
		17D22A5825A31056004FDB35 /* Main.storyboard */ = {
			isa = PBXVariantGroup;
			children = (
				17D22A5925A31056004FDB35 /* Base */,
			);
			name = Main.storyboard;
			sourceTree = "<group>";
		};
/* End PBXVariantGroup section */

/* Begin XCBuildConfiguration section */
		17D22A5D25A31056004FDB35 /* Debug */ = {
			isa = XCBuildConfiguration;
			buildSettings = {
				ALWAYS_SEARCH_USER_PATHS = NO;
				CLANG_ANALYZER_NONNULL = YES;
				CLANG_ANALYZER_NUMBER_OBJECT_CONVERSION = YES_AGGRESSIVE;
				CLANG_CXX_LANGUAGE_STANDARD = "gnu++14";
				CLANG_CXX_LIBRARY = "libc++";
				CLANG_ENABLE_MODULES = YES;
				CLANG_ENABLE_OBJC_ARC = YES;
				CLANG_ENABLE_OBJC_WEAK = YES;
				CLANG_WARN_BLOCK_CAPTURE_AUTORELEASING = YES;
				CLANG_WARN_BOOL_CONVERSION = YES;
				CLANG_WARN_COMMA = YES;
				CLANG_WARN_CONSTANT_CONVERSION = YES;
				CLANG_WARN_DEPRECATED_OBJC_IMPLEMENTATIONS = YES;
				CLANG_WARN_DIRECT_OBJC_ISA_USAGE = YES_ERROR;
				CLANG_WARN_DOCUMENTATION_COMMENTS = YES;
				CLANG_WARN_EMPTY_BODY = YES;
				CLANG_WARN_ENUM_CONVERSION = YES;
				CLANG_WARN_INFINITE_RECURSION = YES;
				CLANG_WARN_INT_CONVERSION = YES;
				CLANG_WARN_NON_LITERAL_NULL_CONVERSION = YES;
				CLANG_WARN_OBJC_IMPLICIT_RETAIN_SELF = YES;
				CLANG_WARN_OBJC_LITERAL_CONVERSION = YES;
				CLANG_WARN_OBJC_ROOT_CLASS = YES_ERROR;
				CLANG_WARN_QUOTED_INCLUDE_IN_FRAMEWORK_HEADER = YES;
				CLANG_WARN_RANGE_LOOP_ANALYSIS = YES;
				CLANG_WARN_STRICT_PROTOTYPES = YES;
				CLANG_WARN_SUSPICIOUS_MOVE = YES;
				CLANG_WARN_UNGUARDED_AVAILABILITY = YES_AGGRESSIVE;
				CLANG_WARN_UNREACHABLE_CODE = YES;
				CLANG_WARN__DUPLICATE_METHOD_MATCH = YES;
				COPY_PHASE_STRIP = NO;
				DEBUG_INFORMATION_FORMAT = dwarf;
				ENABLE_STRICT_OBJC_MSGSEND = YES;
				ENABLE_TESTABILITY = YES;
				GCC_C_LANGUAGE_STANDARD = gnu11;
				GCC_DYNAMIC_NO_PIC = NO;
				GCC_NO_COMMON_BLOCKS = YES;
				GCC_OPTIMIZATION_LEVEL = 0;
				GCC_PREPROCESSOR_DEFINITIONS = (
					"DEBUG=1",
					"$(inherited)",
				);
				GCC_WARN_64_TO_32_BIT_CONVERSION = YES;
				GCC_WARN_ABOUT_RETURN_TYPE = YES_ERROR;
				GCC_WARN_UNDECLARED_SELECTOR = YES;
				GCC_WARN_UNINITIALIZED_AUTOS = YES_AGGRESSIVE;
				GCC_WARN_UNUSED_FUNCTION = YES;
				GCC_WARN_UNUSED_VARIABLE = YES;
				MACOSX_DEPLOYMENT_TARGET = 10.15;
				MTL_ENABLE_DEBUG_INFO = INCLUDE_SOURCE;
				MTL_FAST_MATH = YES;
				ONLY_ACTIVE_ARCH = YES;
				SDKROOT = macosx;
				SWIFT_ACTIVE_COMPILATION_CONDITIONS = DEBUG;
				SWIFT_OPTIMIZATION_LEVEL = "-Onone";
			};
			name = Debug;
		};
		17D22A5E25A31056004FDB35 /* Release */ = {
			isa = XCBuildConfiguration;
			buildSettings = {
				ALWAYS_SEARCH_USER_PATHS = NO;
				CLANG_ANALYZER_NONNULL = YES;
				CLANG_ANALYZER_NUMBER_OBJECT_CONVERSION = YES_AGGRESSIVE;
				CLANG_CXX_LANGUAGE_STANDARD = "gnu++14";
				CLANG_CXX_LIBRARY = "libc++";
				CLANG_ENABLE_MODULES = YES;
				CLANG_ENABLE_OBJC_ARC = YES;
				CLANG_ENABLE_OBJC_WEAK = YES;
				CLANG_WARN_BLOCK_CAPTURE_AUTORELEASING = YES;
				CLANG_WARN_BOOL_CONVERSION = YES;
				CLANG_WARN_COMMA = YES;
				CLANG_WARN_CONSTANT_CONVERSION = YES;
				CLANG_WARN_DEPRECATED_OBJC_IMPLEMENTATIONS = YES;
				CLANG_WARN_DIRECT_OBJC_ISA_USAGE = YES_ERROR;
				CLANG_WARN_DOCUMENTATION_COMMENTS = YES;
				CLANG_WARN_EMPTY_BODY = YES;
				CLANG_WARN_ENUM_CONVERSION = YES;
				CLANG_WARN_INFINITE_RECURSION = YES;
				CLANG_WARN_INT_CONVERSION = YES;
				CLANG_WARN_NON_LITERAL_NULL_CONVERSION = YES;
				CLANG_WARN_OBJC_IMPLICIT_RETAIN_SELF = YES;
				CLANG_WARN_OBJC_LITERAL_CONVERSION = YES;
				CLANG_WARN_OBJC_ROOT_CLASS = YES_ERROR;
				CLANG_WARN_QUOTED_INCLUDE_IN_FRAMEWORK_HEADER = YES;
				CLANG_WARN_RANGE_LOOP_ANALYSIS = YES;
				CLANG_WARN_STRICT_PROTOTYPES = YES;
				CLANG_WARN_SUSPICIOUS_MOVE = YES;
				CLANG_WARN_UNGUARDED_AVAILABILITY = YES_AGGRESSIVE;
				CLANG_WARN_UNREACHABLE_CODE = YES;
				CLANG_WARN__DUPLICATE_METHOD_MATCH = YES;
				COPY_PHASE_STRIP = NO;
				DEBUG_INFORMATION_FORMAT = "dwarf-with-dsym";
				ENABLE_NS_ASSERTIONS = NO;
				ENABLE_STRICT_OBJC_MSGSEND = YES;
				GCC_C_LANGUAGE_STANDARD = gnu11;
				GCC_NO_COMMON_BLOCKS = YES;
				GCC_WARN_64_TO_32_BIT_CONVERSION = YES;
				GCC_WARN_ABOUT_RETURN_TYPE = YES_ERROR;
				GCC_WARN_UNDECLARED_SELECTOR = YES;
				GCC_WARN_UNINITIALIZED_AUTOS = YES_AGGRESSIVE;
				GCC_WARN_UNUSED_FUNCTION = YES;
				GCC_WARN_UNUSED_VARIABLE = YES;
				MACOSX_DEPLOYMENT_TARGET = 10.15;
				MTL_ENABLE_DEBUG_INFO = NO;
				MTL_FAST_MATH = YES;
				SDKROOT = macosx;
				SWIFT_COMPILATION_MODE = wholemodule;
				SWIFT_OPTIMIZATION_LEVEL = "-O";
			};
			name = Release;
		};
		17D22A6025A31056004FDB35 /* Debug */ = {
			isa = XCBuildConfiguration;
			buildSettings = {
				ASSETCATALOG_COMPILER_APPICON_NAME = AppIcon;
				ASSETCATALOG_COMPILER_GLOBAL_ACCENT_COLOR_NAME = AccentColor;
				CODE_SIGN_ENTITLEMENTS = Permissions/Permissions.entitlements;
				CODE_SIGN_STYLE = Automatic;
				COMBINE_HIDPI_IMAGES = YES;
				DEVELOPMENT_ASSET_PATHS = "\"Permissions/Preview Content\"";
				ENABLE_PREVIEWS = YES;
				INFOPLIST_FILE = Permissions/Info.plist;
				LD_RUNPATH_SEARCH_PATHS = (
					"$(inherited)",
					"@executable_path/../Frameworks",
				);
				MACOSX_DEPLOYMENT_TARGET = 11.0;
				PRODUCT_BUNDLE_IDENTIFIER = io.objc.Permissions;
				PRODUCT_NAME = "$(TARGET_NAME)";
				SWIFT_VERSION = 5.0;
			};
			name = Debug;
		};
		17D22A6125A31056004FDB35 /* Release */ = {
			isa = XCBuildConfiguration;
			buildSettings = {
				ASSETCATALOG_COMPILER_APPICON_NAME = AppIcon;
				ASSETCATALOG_COMPILER_GLOBAL_ACCENT_COLOR_NAME = AccentColor;
				CODE_SIGN_ENTITLEMENTS = Permissions/Permissions.entitlements;
				CODE_SIGN_STYLE = Automatic;
				COMBINE_HIDPI_IMAGES = YES;
				DEVELOPMENT_ASSET_PATHS = "\"Permissions/Preview Content\"";
				ENABLE_PREVIEWS = YES;
				INFOPLIST_FILE = Permissions/Info.plist;
				LD_RUNPATH_SEARCH_PATHS = (
					"$(inherited)",
					"@executable_path/../Frameworks",
				);
				MACOSX_DEPLOYMENT_TARGET = 11.0;
				PRODUCT_BUNDLE_IDENTIFIER = io.objc.Permissions;
				PRODUCT_NAME = "$(TARGET_NAME)";
				SWIFT_VERSION = 5.0;
			};
			name = Release;
		};
/* End XCBuildConfiguration section */

/* Begin XCConfigurationList section */
		17D22A4725A31055004FDB35 /* Build configuration list for PBXProject "Permissions" */ = {
			isa = XCConfigurationList;
			buildConfigurations = (
				17D22A5D25A31056004FDB35 /* Debug */,
				17D22A5E25A31056004FDB35 /* Release */,
			);
			defaultConfigurationIsVisible = 0;
			defaultConfigurationName = Release;
		};
		17D22A5F25A31056004FDB35 /* Build configuration list for PBXNativeTarget "Permissions" */ = {
			isa = XCConfigurationList;
			buildConfigurations = (
				17D22A6025A31056004FDB35 /* Debug */,
				17D22A6125A31056004FDB35 /* Release */,
			);
			defaultConfigurationIsVisible = 0;
			defaultConfigurationName = Release;
		};
/* End XCConfigurationList section */
	};
	rootObject = 17D22A4425A31055004FDB35 /* Project object */;
}
